// !$*UTF8*$!
{
	archiveVersion = 1;
	classes = {
	};
	objectVersion = 55;
	objects = {

/* Begin PBXBuildFile section */
		04457ED128A6033B00AF2EBB /* AppDelegate.swift in Sources */ = {isa = PBXBuildFile; fileRef = 04457ED028A6033B00AF2EBB /* AppDelegate.swift */; };
		04457ED328A6033B00AF2EBB /* SceneDelegate.swift in Sources */ = {isa = PBXBuildFile; fileRef = 04457ED228A6033B00AF2EBB /* SceneDelegate.swift */; };
		04457ED528A6033B00AF2EBB /* ViewController.swift in Sources */ = {isa = PBXBuildFile; fileRef = 04457ED428A6033B00AF2EBB /* ViewController.swift */; };
		04457ED828A6033B00AF2EBB /* Main.storyboard in Resources */ = {isa = PBXBuildFile; fileRef = 04457ED628A6033B00AF2EBB /* Main.storyboard */; };
		04457EDA28A6033E00AF2EBB /* Assets.xcassets in Resources */ = {isa = PBXBuildFile; fileRef = 04457ED928A6033E00AF2EBB /* Assets.xcassets */; };
		04457EDD28A6033E00AF2EBB /* LaunchScreen.storyboard in Resources */ = {isa = PBXBuildFile; fileRef = 04457EDB28A6033E00AF2EBB /* LaunchScreen.storyboard */; };
		04457EE828A6033F00AF2EBB /* todoAppTests.swift in Sources */ = {isa = PBXBuildFile; fileRef = 04457EE728A6033F00AF2EBB /* todoAppTests.swift */; };
		04457EF228A6033F00AF2EBB /* todoAppUITests.swift in Sources */ = {isa = PBXBuildFile; fileRef = 04457EF128A6033F00AF2EBB /* todoAppUITests.swift */; };
		04457EF428A6033F00AF2EBB /* todoAppUITestsLaunchTests.swift in Sources */ = {isa = PBXBuildFile; fileRef = 04457EF328A6033F00AF2EBB /* todoAppUITestsLaunchTests.swift */; };
		04457F0228A6038D00AF2EBB /* SnapKit in Frameworks */ = {isa = PBXBuildFile; productRef = 04457F0128A6038D00AF2EBB /* SnapKit */; };
		04457F0528A6039C00AF2EBB /* Then in Frameworks */ = {isa = PBXBuildFile; productRef = 04457F0428A6039C00AF2EBB /* Then */; };
		04457F0A28A603D700AF2EBB /* RxCocoa in Frameworks */ = {isa = PBXBuildFile; productRef = 04457F0928A603D700AF2EBB /* RxCocoa */; };
		04457F0C28A603D700AF2EBB /* RxRelay in Frameworks */ = {isa = PBXBuildFile; productRef = 04457F0B28A603D700AF2EBB /* RxRelay */; };
		04457F0E28A603D700AF2EBB /* RxSwift in Frameworks */ = {isa = PBXBuildFile; productRef = 04457F0D28A603D700AF2EBB /* RxSwift */; };
		04457F1528A6050B00AF2EBB /* RxBlocking in Frameworks */ = {isa = PBXBuildFile; productRef = 04457F1428A6050B00AF2EBB /* RxBlocking */; };
		04457F1728A6050F00AF2EBB /* RxTest in Frameworks */ = {isa = PBXBuildFile; productRef = 04457F1628A6050F00AF2EBB /* RxTest */; };
		C920427228BA5065003CC735 /* MainViewController.swift in Sources */ = {isa = PBXBuildFile; fileRef = C920427128BA5065003CC735 /* MainViewController.swift */; };
/* End PBXBuildFile section */

/* Begin PBXContainerItemProxy section */
		04457EE428A6033F00AF2EBB /* PBXContainerItemProxy */ = {
			isa = PBXContainerItemProxy;
			containerPortal = 04457EC528A6033B00AF2EBB /* Project object */;
			proxyType = 1;
			remoteGlobalIDString = 04457ECC28A6033B00AF2EBB;
			remoteInfo = todoApp;
		};
		04457EEE28A6033F00AF2EBB /* PBXContainerItemProxy */ = {
			isa = PBXContainerItemProxy;
			containerPortal = 04457EC528A6033B00AF2EBB /* Project object */;
			proxyType = 1;
			remoteGlobalIDString = 04457ECC28A6033B00AF2EBB;
			remoteInfo = todoApp;
		};
/* End PBXContainerItemProxy section */

/* Begin PBXFileReference section */
		04457ECD28A6033B00AF2EBB /* todoApp.app */ = {isa = PBXFileReference; explicitFileType = wrapper.application; includeInIndex = 0; path = todoApp.app; sourceTree = BUILT_PRODUCTS_DIR; };
		04457ED028A6033B00AF2EBB /* AppDelegate.swift */ = {isa = PBXFileReference; lastKnownFileType = sourcecode.swift; path = AppDelegate.swift; sourceTree = "<group>"; };
		04457ED228A6033B00AF2EBB /* SceneDelegate.swift */ = {isa = PBXFileReference; lastKnownFileType = sourcecode.swift; path = SceneDelegate.swift; sourceTree = "<group>"; };
		04457ED428A6033B00AF2EBB /* ViewController.swift */ = {isa = PBXFileReference; lastKnownFileType = sourcecode.swift; path = ViewController.swift; sourceTree = "<group>"; };
		04457ED728A6033B00AF2EBB /* Base */ = {isa = PBXFileReference; lastKnownFileType = file.storyboard; name = Base; path = Base.lproj/Main.storyboard; sourceTree = "<group>"; };
		04457ED928A6033E00AF2EBB /* Assets.xcassets */ = {isa = PBXFileReference; lastKnownFileType = folder.assetcatalog; path = Assets.xcassets; sourceTree = "<group>"; };
		04457EDC28A6033E00AF2EBB /* Base */ = {isa = PBXFileReference; lastKnownFileType = file.storyboard; name = Base; path = Base.lproj/LaunchScreen.storyboard; sourceTree = "<group>"; };
		04457EDE28A6033E00AF2EBB /* Info.plist */ = {isa = PBXFileReference; lastKnownFileType = text.plist.xml; path = Info.plist; sourceTree = "<group>"; };
		04457EE328A6033F00AF2EBB /* todoAppTests.xctest */ = {isa = PBXFileReference; explicitFileType = wrapper.cfbundle; includeInIndex = 0; path = todoAppTests.xctest; sourceTree = BUILT_PRODUCTS_DIR; };
		04457EE728A6033F00AF2EBB /* todoAppTests.swift */ = {isa = PBXFileReference; lastKnownFileType = sourcecode.swift; path = todoAppTests.swift; sourceTree = "<group>"; };
		04457EED28A6033F00AF2EBB /* todoAppUITests.xctest */ = {isa = PBXFileReference; explicitFileType = wrapper.cfbundle; includeInIndex = 0; path = todoAppUITests.xctest; sourceTree = BUILT_PRODUCTS_DIR; };
		04457EF128A6033F00AF2EBB /* todoAppUITests.swift */ = {isa = PBXFileReference; lastKnownFileType = sourcecode.swift; path = todoAppUITests.swift; sourceTree = "<group>"; };
		04457EF328A6033F00AF2EBB /* todoAppUITestsLaunchTests.swift */ = {isa = PBXFileReference; lastKnownFileType = sourcecode.swift; path = todoAppUITestsLaunchTests.swift; sourceTree = "<group>"; };
		C920427128BA5065003CC735 /* MainViewController.swift */ = {isa = PBXFileReference; lastKnownFileType = sourcecode.swift; path = MainViewController.swift; sourceTree = "<group>"; };
/* End PBXFileReference section */

/* Begin PBXFrameworksBuildPhase section */
		04457ECA28A6033B00AF2EBB /* Frameworks */ = {
			isa = PBXFrameworksBuildPhase;
			buildActionMask = 2147483647;
			files = (
				04457F0E28A603D700AF2EBB /* RxSwift in Frameworks */,
				04457F0C28A603D700AF2EBB /* RxRelay in Frameworks */,
				04457F0228A6038D00AF2EBB /* SnapKit in Frameworks */,
				04457F0A28A603D700AF2EBB /* RxCocoa in Frameworks */,
				04457F0528A6039C00AF2EBB /* Then in Frameworks */,
			);
			runOnlyForDeploymentPostprocessing = 0;
		};
		04457EE028A6033F00AF2EBB /* Frameworks */ = {
			isa = PBXFrameworksBuildPhase;
			buildActionMask = 2147483647;
			files = (
				04457F1728A6050F00AF2EBB /* RxTest in Frameworks */,
				04457F1528A6050B00AF2EBB /* RxBlocking in Frameworks */,
			);
			runOnlyForDeploymentPostprocessing = 0;
		};
		04457EEA28A6033F00AF2EBB /* Frameworks */ = {
			isa = PBXFrameworksBuildPhase;
			buildActionMask = 2147483647;
			files = (
			);
			runOnlyForDeploymentPostprocessing = 0;
		};
/* End PBXFrameworksBuildPhase section */

/* Begin PBXGroup section */
		04457EC428A6033B00AF2EBB = {
			isa = PBXGroup;
			children = (
				04457ECF28A6033B00AF2EBB /* todoApp */,
				04457EE628A6033F00AF2EBB /* todoAppTests */,
				04457EF028A6033F00AF2EBB /* todoAppUITests */,
				04457ECE28A6033B00AF2EBB /* Products */,
				04457F1128A6042D00AF2EBB /* Frameworks */,
			);
			sourceTree = "<group>";
		};
		04457ECE28A6033B00AF2EBB /* Products */ = {
			isa = PBXGroup;
			children = (
				04457ECD28A6033B00AF2EBB /* todoApp.app */,
				04457EE328A6033F00AF2EBB /* todoAppTests.xctest */,
				04457EED28A6033F00AF2EBB /* todoAppUITests.xctest */,
			);
			name = Products;
			sourceTree = "<group>";
		};
		04457ECF28A6033B00AF2EBB /* todoApp */ = {
			isa = PBXGroup;
			children = (
				04457ED028A6033B00AF2EBB /* AppDelegate.swift */,
				04457ED228A6033B00AF2EBB /* SceneDelegate.swift */,
				04457ED428A6033B00AF2EBB /* ViewController.swift */,
				04457ED628A6033B00AF2EBB /* Main.storyboard */,
				04457ED928A6033E00AF2EBB /* Assets.xcassets */,
				04457EDB28A6033E00AF2EBB /* LaunchScreen.storyboard */,
				04457EDE28A6033E00AF2EBB /* Info.plist */,
				C920427128BA5065003CC735 /* MainViewController.swift */,
			);
			path = todoApp;
			sourceTree = "<group>";
		};
		04457EE628A6033F00AF2EBB /* todoAppTests */ = {
			isa = PBXGroup;
			children = (
				04457EE728A6033F00AF2EBB /* todoAppTests.swift */,
			);
			path = todoAppTests;
			sourceTree = "<group>";
		};
		04457EF028A6033F00AF2EBB /* todoAppUITests */ = {
			isa = PBXGroup;
			children = (
				04457EF128A6033F00AF2EBB /* todoAppUITests.swift */,
				04457EF328A6033F00AF2EBB /* todoAppUITestsLaunchTests.swift */,
			);
			path = todoAppUITests;
			sourceTree = "<group>";
		};
		04457F1128A6042D00AF2EBB /* Frameworks */ = {
			isa = PBXGroup;
			children = (
			);
			name = Frameworks;
			sourceTree = "<group>";
		};
/* End PBXGroup section */

/* Begin PBXNativeTarget section */
		04457ECC28A6033B00AF2EBB /* todoApp */ = {
			isa = PBXNativeTarget;
			buildConfigurationList = 04457EF728A6033F00AF2EBB /* Build configuration list for PBXNativeTarget "todoApp" */;
			buildPhases = (
				04457EC928A6033B00AF2EBB /* Sources */,
				04457ECA28A6033B00AF2EBB /* Frameworks */,
				04457ECB28A6033B00AF2EBB /* Resources */,
			);
			buildRules = (
			);
			dependencies = (
			);
			name = todoApp;
			packageProductDependencies = (
				04457F0128A6038D00AF2EBB /* SnapKit */,
				04457F0428A6039C00AF2EBB /* Then */,
				04457F0928A603D700AF2EBB /* RxCocoa */,
				04457F0B28A603D700AF2EBB /* RxRelay */,
				04457F0D28A603D700AF2EBB /* RxSwift */,
			);
			productName = todoApp;
			productReference = 04457ECD28A6033B00AF2EBB /* todoApp.app */;
			productType = "com.apple.product-type.application";
		};
		04457EE228A6033F00AF2EBB /* todoAppTests */ = {
			isa = PBXNativeTarget;
			buildConfigurationList = 04457EFA28A6033F00AF2EBB /* Build configuration list for PBXNativeTarget "todoAppTests" */;
			buildPhases = (
				04457EDF28A6033F00AF2EBB /* Sources */,
				04457EE028A6033F00AF2EBB /* Frameworks */,
				04457EE128A6033F00AF2EBB /* Resources */,
			);
			buildRules = (
			);
			dependencies = (
				04457EE528A6033F00AF2EBB /* PBXTargetDependency */,
			);
			name = todoAppTests;
			packageProductDependencies = (
				04457F1428A6050B00AF2EBB /* RxBlocking */,
				04457F1628A6050F00AF2EBB /* RxTest */,
			);
			productName = todoAppTests;
			productReference = 04457EE328A6033F00AF2EBB /* todoAppTests.xctest */;
			productType = "com.apple.product-type.bundle.unit-test";
		};
		04457EEC28A6033F00AF2EBB /* todoAppUITests */ = {
			isa = PBXNativeTarget;
			buildConfigurationList = 04457EFD28A6033F00AF2EBB /* Build configuration list for PBXNativeTarget "todoAppUITests" */;
			buildPhases = (
				04457EE928A6033F00AF2EBB /* Sources */,
				04457EEA28A6033F00AF2EBB /* Frameworks */,
				04457EEB28A6033F00AF2EBB /* Resources */,
			);
			buildRules = (
			);
			dependencies = (
				04457EEF28A6033F00AF2EBB /* PBXTargetDependency */,
			);
			name = todoAppUITests;
			productName = todoAppUITests;
			productReference = 04457EED28A6033F00AF2EBB /* todoAppUITests.xctest */;
			productType = "com.apple.product-type.bundle.ui-testing";
		};
/* End PBXNativeTarget section */

/* Begin PBXProject section */
		04457EC528A6033B00AF2EBB /* Project object */ = {
			isa = PBXProject;
			attributes = {
				BuildIndependentTargetsInParallel = 1;
				LastSwiftUpdateCheck = 1320;
				LastUpgradeCheck = 1320;
				TargetAttributes = {
					04457ECC28A6033B00AF2EBB = {
						CreatedOnToolsVersion = 13.2.1;
					};
					04457EE228A6033F00AF2EBB = {
						CreatedOnToolsVersion = 13.2.1;
						TestTargetID = 04457ECC28A6033B00AF2EBB;
					};
					04457EEC28A6033F00AF2EBB = {
						CreatedOnToolsVersion = 13.2.1;
						TestTargetID = 04457ECC28A6033B00AF2EBB;
					};
				};
			};
			buildConfigurationList = 04457EC828A6033B00AF2EBB /* Build configuration list for PBXProject "todoApp" */;
			compatibilityVersion = "Xcode 13.0";
			developmentRegion = en;
			hasScannedForEncodings = 0;
			knownRegions = (
				en,
				Base,
			);
			mainGroup = 04457EC428A6033B00AF2EBB;
			packageReferences = (
				04457F0028A6038C00AF2EBB /* XCRemoteSwiftPackageReference "SnapKit" */,
				04457F0328A6039C00AF2EBB /* XCRemoteSwiftPackageReference "Then" */,
				04457F0628A603D700AF2EBB /* XCRemoteSwiftPackageReference "RxSwift" */,
			);
			productRefGroup = 04457ECE28A6033B00AF2EBB /* Products */;
			projectDirPath = "";
			projectRoot = "";
			targets = (
				04457ECC28A6033B00AF2EBB /* todoApp */,
				04457EE228A6033F00AF2EBB /* todoAppTests */,
				04457EEC28A6033F00AF2EBB /* todoAppUITests */,
			);
		};
/* End PBXProject section */

/* Begin PBXResourcesBuildPhase section */
		04457ECB28A6033B00AF2EBB /* Resources */ = {
			isa = PBXResourcesBuildPhase;
			buildActionMask = 2147483647;
			files = (
				04457EDD28A6033E00AF2EBB /* LaunchScreen.storyboard in Resources */,
				04457EDA28A6033E00AF2EBB /* Assets.xcassets in Resources */,
				04457ED828A6033B00AF2EBB /* Main.storyboard in Resources */,
			);
			runOnlyForDeploymentPostprocessing = 0;
		};
		04457EE128A6033F00AF2EBB /* Resources */ = {
			isa = PBXResourcesBuildPhase;
			buildActionMask = 2147483647;
			files = (
			);
			runOnlyForDeploymentPostprocessing = 0;
		};
		04457EEB28A6033F00AF2EBB /* Resources */ = {
			isa = PBXResourcesBuildPhase;
			buildActionMask = 2147483647;
			files = (
			);
			runOnlyForDeploymentPostprocessing = 0;
		};
/* End PBXResourcesBuildPhase section */

/* Begin PBXSourcesBuildPhase section */
		04457EC928A6033B00AF2EBB /* Sources */ = {
			isa = PBXSourcesBuildPhase;
			buildActionMask = 2147483647;
			files = (
				04457ED528A6033B00AF2EBB /* ViewController.swift in Sources */,
				04457ED128A6033B00AF2EBB /* AppDelegate.swift in Sources */,
				04457ED328A6033B00AF2EBB /* SceneDelegate.swift in Sources */,
				C920427228BA5065003CC735 /* MainViewController.swift in Sources */,
			);
			runOnlyForDeploymentPostprocessing = 0;
		};
		04457EDF28A6033F00AF2EBB /* Sources */ = {
			isa = PBXSourcesBuildPhase;
			buildActionMask = 2147483647;
			files = (
				04457EE828A6033F00AF2EBB /* todoAppTests.swift in Sources */,
			);
			runOnlyForDeploymentPostprocessing = 0;
		};
		04457EE928A6033F00AF2EBB /* Sources */ = {
			isa = PBXSourcesBuildPhase;
			buildActionMask = 2147483647;
			files = (
				04457EF428A6033F00AF2EBB /* todoAppUITestsLaunchTests.swift in Sources */,
				04457EF228A6033F00AF2EBB /* todoAppUITests.swift in Sources */,
			);
			runOnlyForDeploymentPostprocessing = 0;
		};
/* End PBXSourcesBuildPhase section */

/* Begin PBXTargetDependency section */
		04457EE528A6033F00AF2EBB /* PBXTargetDependency */ = {
			isa = PBXTargetDependency;
			target = 04457ECC28A6033B00AF2EBB /* todoApp */;
			targetProxy = 04457EE428A6033F00AF2EBB /* PBXContainerItemProxy */;
		};
		04457EEF28A6033F00AF2EBB /* PBXTargetDependency */ = {
			isa = PBXTargetDependency;
			target = 04457ECC28A6033B00AF2EBB /* todoApp */;
			targetProxy = 04457EEE28A6033F00AF2EBB /* PBXContainerItemProxy */;
		};
/* End PBXTargetDependency section */

/* Begin PBXVariantGroup section */
		04457ED628A6033B00AF2EBB /* Main.storyboard */ = {
			isa = PBXVariantGroup;
			children = (
				04457ED728A6033B00AF2EBB /* Base */,
			);
			name = Main.storyboard;
			sourceTree = "<group>";
		};
		04457EDB28A6033E00AF2EBB /* LaunchScreen.storyboard */ = {
			isa = PBXVariantGroup;
			children = (
				04457EDC28A6033E00AF2EBB /* Base */,
			);
			name = LaunchScreen.storyboard;
			sourceTree = "<group>";
		};
/* End PBXVariantGroup section */

/* Begin XCBuildConfiguration section */
		04457EF528A6033F00AF2EBB /* Debug */ = {
			isa = XCBuildConfiguration;
			buildSettings = {
				ALWAYS_SEARCH_USER_PATHS = NO;
				CLANG_ANALYZER_NONNULL = YES;
				CLANG_ANALYZER_NUMBER_OBJECT_CONVERSION = YES_AGGRESSIVE;
				CLANG_CXX_LANGUAGE_STANDARD = "gnu++17";
				CLANG_CXX_LIBRARY = "libc++";
				CLANG_ENABLE_MODULES = YES;
				CLANG_ENABLE_OBJC_ARC = YES;
				CLANG_ENABLE_OBJC_WEAK = YES;
				CLANG_WARN_BLOCK_CAPTURE_AUTORELEASING = YES;
				CLANG_WARN_BOOL_CONVERSION = YES;
				CLANG_WARN_COMMA = YES;
				CLANG_WARN_CONSTANT_CONVERSION = YES;
				CLANG_WARN_DEPRECATED_OBJC_IMPLEMENTATIONS = YES;
				CLANG_WARN_DIRECT_OBJC_ISA_USAGE = YES_ERROR;
				CLANG_WARN_DOCUMENTATION_COMMENTS = YES;
				CLANG_WARN_EMPTY_BODY = YES;
				CLANG_WARN_ENUM_CONVERSION = YES;
				CLANG_WARN_INFINITE_RECURSION = YES;
				CLANG_WARN_INT_CONVERSION = YES;
				CLANG_WARN_NON_LITERAL_NULL_CONVERSION = YES;
				CLANG_WARN_OBJC_IMPLICIT_RETAIN_SELF = YES;
				CLANG_WARN_OBJC_LITERAL_CONVERSION = YES;
				CLANG_WARN_OBJC_ROOT_CLASS = YES_ERROR;
				CLANG_WARN_QUOTED_INCLUDE_IN_FRAMEWORK_HEADER = YES;
				CLANG_WARN_RANGE_LOOP_ANALYSIS = YES;
				CLANG_WARN_STRICT_PROTOTYPES = YES;
				CLANG_WARN_SUSPICIOUS_MOVE = YES;
				CLANG_WARN_UNGUARDED_AVAILABILITY = YES_AGGRESSIVE;
				CLANG_WARN_UNREACHABLE_CODE = YES;
				CLANG_WARN__DUPLICATE_METHOD_MATCH = YES;
				COPY_PHASE_STRIP = NO;
				DEBUG_INFORMATION_FORMAT = dwarf;
				ENABLE_STRICT_OBJC_MSGSEND = YES;
				ENABLE_TESTABILITY = YES;
				GCC_C_LANGUAGE_STANDARD = gnu11;
				GCC_DYNAMIC_NO_PIC = NO;
				GCC_NO_COMMON_BLOCKS = YES;
				GCC_OPTIMIZATION_LEVEL = 0;
				GCC_PREPROCESSOR_DEFINITIONS = (
					"DEBUG=1",
					"$(inherited)",
				);
				GCC_WARN_64_TO_32_BIT_CONVERSION = YES;
				GCC_WARN_ABOUT_RETURN_TYPE = YES_ERROR;
				GCC_WARN_UNDECLARED_SELECTOR = YES;
				GCC_WARN_UNINITIALIZED_AUTOS = YES_AGGRESSIVE;
				GCC_WARN_UNUSED_FUNCTION = YES;
				GCC_WARN_UNUSED_VARIABLE = YES;
				IPHONEOS_DEPLOYMENT_TARGET = 15.2;
				MTL_ENABLE_DEBUG_INFO = INCLUDE_SOURCE;
				MTL_FAST_MATH = YES;
				ONLY_ACTIVE_ARCH = YES;
				SDKROOT = iphoneos;
				SWIFT_ACTIVE_COMPILATION_CONDITIONS = DEBUG;
				SWIFT_OPTIMIZATION_LEVEL = "-Onone";
			};
			name = Debug;
		};
		04457EF628A6033F00AF2EBB /* Release */ = {
			isa = XCBuildConfiguration;
			buildSettings = {
				ALWAYS_SEARCH_USER_PATHS = NO;
				CLANG_ANALYZER_NONNULL = YES;
				CLANG_ANALYZER_NUMBER_OBJECT_CONVERSION = YES_AGGRESSIVE;
				CLANG_CXX_LANGUAGE_STANDARD = "gnu++17";
				CLANG_CXX_LIBRARY = "libc++";
				CLANG_ENABLE_MODULES = YES;
				CLANG_ENABLE_OBJC_ARC = YES;
				CLANG_ENABLE_OBJC_WEAK = YES;
				CLANG_WARN_BLOCK_CAPTURE_AUTORELEASING = YES;
				CLANG_WARN_BOOL_CONVERSION = YES;
				CLANG_WARN_COMMA = YES;
				CLANG_WARN_CONSTANT_CONVERSION = YES;
				CLANG_WARN_DEPRECATED_OBJC_IMPLEMENTATIONS = YES;
				CLANG_WARN_DIRECT_OBJC_ISA_USAGE = YES_ERROR;
				CLANG_WARN_DOCUMENTATION_COMMENTS = YES;
				CLANG_WARN_EMPTY_BODY = YES;
				CLANG_WARN_ENUM_CONVERSION = YES;
				CLANG_WARN_INFINITE_RECURSION = YES;
				CLANG_WARN_INT_CONVERSION = YES;
				CLANG_WARN_NON_LITERAL_NULL_CONVERSION = YES;
				CLANG_WARN_OBJC_IMPLICIT_RETAIN_SELF = YES;
				CLANG_WARN_OBJC_LITERAL_CONVERSION = YES;
				CLANG_WARN_OBJC_ROOT_CLASS = YES_ERROR;
				CLANG_WARN_QUOTED_INCLUDE_IN_FRAMEWORK_HEADER = YES;
				CLANG_WARN_RANGE_LOOP_ANALYSIS = YES;
				CLANG_WARN_STRICT_PROTOTYPES = YES;
				CLANG_WARN_SUSPICIOUS_MOVE = YES;
				CLANG_WARN_UNGUARDED_AVAILABILITY = YES_AGGRESSIVE;
				CLANG_WARN_UNREACHABLE_CODE = YES;
				CLANG_WARN__DUPLICATE_METHOD_MATCH = YES;
				COPY_PHASE_STRIP = NO;
				DEBUG_INFORMATION_FORMAT = "dwarf-with-dsym";
				ENABLE_NS_ASSERTIONS = NO;
				ENABLE_STRICT_OBJC_MSGSEND = YES;
				GCC_C_LANGUAGE_STANDARD = gnu11;
				GCC_NO_COMMON_BLOCKS = YES;
				GCC_WARN_64_TO_32_BIT_CONVERSION = YES;
				GCC_WARN_ABOUT_RETURN_TYPE = YES_ERROR;
				GCC_WARN_UNDECLARED_SELECTOR = YES;
				GCC_WARN_UNINITIALIZED_AUTOS = YES_AGGRESSIVE;
				GCC_WARN_UNUSED_FUNCTION = YES;
				GCC_WARN_UNUSED_VARIABLE = YES;
				IPHONEOS_DEPLOYMENT_TARGET = 15.2;
				MTL_ENABLE_DEBUG_INFO = NO;
				MTL_FAST_MATH = YES;
				SDKROOT = iphoneos;
				SWIFT_COMPILATION_MODE = wholemodule;
				SWIFT_OPTIMIZATION_LEVEL = "-O";
				VALIDATE_PRODUCT = YES;
			};
			name = Release;
		};
		04457EF828A6033F00AF2EBB /* Debug */ = {
			isa = XCBuildConfiguration;
			buildSettings = {
				ASSETCATALOG_COMPILER_APPICON_NAME = AppIcon;
				ASSETCATALOG_COMPILER_GLOBAL_ACCENT_COLOR_NAME = AccentColor;
				CODE_SIGN_STYLE = Automatic;
				CURRENT_PROJECT_VERSION = 1;
				DEVELOPMENT_TEAM = 3W6UP43VH7;
				GENERATE_INFOPLIST_FILE = YES;
				INFOPLIST_FILE = todoApp/Info.plist;
				INFOPLIST_KEY_UIApplicationSupportsIndirectInputEvents = YES;
				INFOPLIST_KEY_UILaunchStoryboardName = LaunchScreen;
				INFOPLIST_KEY_UIMainStoryboardFile = Main;
				INFOPLIST_KEY_UISupportedInterfaceOrientations_iPad = "UIInterfaceOrientationPortrait UIInterfaceOrientationPortraitUpsideDown UIInterfaceOrientationLandscapeLeft UIInterfaceOrientationLandscapeRight";
				INFOPLIST_KEY_UISupportedInterfaceOrientations_iPhone = "UIInterfaceOrientationPortrait UIInterfaceOrientationLandscapeLeft UIInterfaceOrientationLandscapeRight";
				LD_RUNPATH_SEARCH_PATHS = (
					"$(inherited)",
					"@executable_path/Frameworks",
				);
				MARKETING_VERSION = 1.0;
				PRODUCT_BUNDLE_IDENTIFIER = com.yt.todoApp;
				PRODUCT_NAME = "$(TARGET_NAME)";
				SWIFT_EMIT_LOC_STRINGS = YES;
				SWIFT_VERSION = 5.0;
				TARGETED_DEVICE_FAMILY = "1,2";
			};
			name = Debug;
		};
		04457EF928A6033F00AF2EBB /* Release */ = {
			isa = XCBuildConfiguration;
			buildSettings = {
				ASSETCATALOG_COMPILER_APPICON_NAME = AppIcon;
				ASSETCATALOG_COMPILER_GLOBAL_ACCENT_COLOR_NAME = AccentColor;
				CODE_SIGN_STYLE = Automatic;
				CURRENT_PROJECT_VERSION = 1;
				DEVELOPMENT_TEAM = 3W6UP43VH7;
				GENERATE_INFOPLIST_FILE = YES;
				INFOPLIST_FILE = todoApp/Info.plist;
				INFOPLIST_KEY_UIApplicationSupportsIndirectInputEvents = YES;
				INFOPLIST_KEY_UILaunchStoryboardName = LaunchScreen;
				INFOPLIST_KEY_UIMainStoryboardFile = Main;
				INFOPLIST_KEY_UISupportedInterfaceOrientations_iPad = "UIInterfaceOrientationPortrait UIInterfaceOrientationPortraitUpsideDown UIInterfaceOrientationLandscapeLeft UIInterfaceOrientationLandscapeRight";
				INFOPLIST_KEY_UISupportedInterfaceOrientations_iPhone = "UIInterfaceOrientationPortrait UIInterfaceOrientationLandscapeLeft UIInterfaceOrientationLandscapeRight";
				LD_RUNPATH_SEARCH_PATHS = (
					"$(inherited)",
					"@executable_path/Frameworks",
				);
				MARKETING_VERSION = 1.0;
				PRODUCT_BUNDLE_IDENTIFIER = com.yt.todoApp;
				PRODUCT_NAME = "$(TARGET_NAME)";
				SWIFT_EMIT_LOC_STRINGS = YES;
				SWIFT_VERSION = 5.0;
				TARGETED_DEVICE_FAMILY = "1,2";
			};
			name = Release;
		};
		04457EFB28A6033F00AF2EBB /* Debug */ = {
			isa = XCBuildConfiguration;
			buildSettings = {
				ALWAYS_EMBED_SWIFT_STANDARD_LIBRARIES = YES;
				BUNDLE_LOADER = "$(TEST_HOST)";
				CODE_SIGN_STYLE = Automatic;
				CURRENT_PROJECT_VERSION = 1;
				DEVELOPMENT_TEAM = 3W6UP43VH7;
				GENERATE_INFOPLIST_FILE = YES;
				IPHONEOS_DEPLOYMENT_TARGET = 15.2;
				MARKETING_VERSION = 1.0;
				PRODUCT_BUNDLE_IDENTIFIER = com.yt.todoAppTests;
				PRODUCT_NAME = "$(TARGET_NAME)";
				SWIFT_EMIT_LOC_STRINGS = NO;
				SWIFT_VERSION = 5.0;
				TARGETED_DEVICE_FAMILY = "1,2";
				TEST_HOST = "$(BUILT_PRODUCTS_DIR)/todoApp.app/todoApp";
			};
			name = Debug;
		};
		04457EFC28A6033F00AF2EBB /* Release */ = {
			isa = XCBuildConfiguration;
			buildSettings = {
				ALWAYS_EMBED_SWIFT_STANDARD_LIBRARIES = YES;
				BUNDLE_LOADER = "$(TEST_HOST)";
				CODE_SIGN_STYLE = Automatic;
				CURRENT_PROJECT_VERSION = 1;
				DEVELOPMENT_TEAM = 3W6UP43VH7;
				GENERATE_INFOPLIST_FILE = YES;
				IPHONEOS_DEPLOYMENT_TARGET = 15.2;
				MARKETING_VERSION = 1.0;
				PRODUCT_BUNDLE_IDENTIFIER = com.yt.todoAppTests;
				PRODUCT_NAME = "$(TARGET_NAME)";
				SWIFT_EMIT_LOC_STRINGS = NO;
				SWIFT_VERSION = 5.0;
				TARGETED_DEVICE_FAMILY = "1,2";
				TEST_HOST = "$(BUILT_PRODUCTS_DIR)/todoApp.app/todoApp";
			};
			name = Release;
		};
		04457EFE28A6033F00AF2EBB /* Debug */ = {
			isa = XCBuildConfiguration;
			buildSettings = {
				ALWAYS_EMBED_SWIFT_STANDARD_LIBRARIES = YES;
				CODE_SIGN_STYLE = Automatic;
				CURRENT_PROJECT_VERSION = 1;
				DEVELOPMENT_TEAM = 3W6UP43VH7;
				GENERATE_INFOPLIST_FILE = YES;
				MARKETING_VERSION = 1.0;
				PRODUCT_BUNDLE_IDENTIFIER = com.yt.todoAppUITests;
				PRODUCT_NAME = "$(TARGET_NAME)";
				SWIFT_EMIT_LOC_STRINGS = NO;
				SWIFT_VERSION = 5.0;
				TARGETED_DEVICE_FAMILY = "1,2";
				TEST_TARGET_NAME = todoApp;
			};
			name = Debug;
		};
		04457EFF28A6033F00AF2EBB /* Release */ = {
			isa = XCBuildConfiguration;
			buildSettings = {
				ALWAYS_EMBED_SWIFT_STANDARD_LIBRARIES = YES;
				CODE_SIGN_STYLE = Automatic;
				CURRENT_PROJECT_VERSION = 1;
				DEVELOPMENT_TEAM = 3W6UP43VH7;
				GENERATE_INFOPLIST_FILE = YES;
				MARKETING_VERSION = 1.0;
				PRODUCT_BUNDLE_IDENTIFIER = com.yt.todoAppUITests;
				PRODUCT_NAME = "$(TARGET_NAME)";
				SWIFT_EMIT_LOC_STRINGS = NO;
				SWIFT_VERSION = 5.0;
				TARGETED_DEVICE_FAMILY = "1,2";
				TEST_TARGET_NAME = todoApp;
			};
			name = Release;
		};
/* End XCBuildConfiguration section */

/* Begin XCConfigurationList section */
		04457EC828A6033B00AF2EBB /* Build configuration list for PBXProject "todoApp" */ = {
			isa = XCConfigurationList;
			buildConfigurations = (
				04457EF528A6033F00AF2EBB /* Debug */,
				04457EF628A6033F00AF2EBB /* Release */,
			);
			defaultConfigurationIsVisible = 0;
			defaultConfigurationName = Release;
		};
		04457EF728A6033F00AF2EBB /* Build configuration list for PBXNativeTarget "todoApp" */ = {
			isa = XCConfigurationList;
			buildConfigurations = (
				04457EF828A6033F00AF2EBB /* Debug */,
				04457EF928A6033F00AF2EBB /* Release */,
			);
			defaultConfigurationIsVisible = 0;
			defaultConfigurationName = Release;
		};
		04457EFA28A6033F00AF2EBB /* Build configuration list for PBXNativeTarget "todoAppTests" */ = {
			isa = XCConfigurationList;
			buildConfigurations = (
				04457EFB28A6033F00AF2EBB /* Debug */,
				04457EFC28A6033F00AF2EBB /* Release */,
			);
			defaultConfigurationIsVisible = 0;
			defaultConfigurationName = Release;
		};
		04457EFD28A6033F00AF2EBB /* Build configuration list for PBXNativeTarget "todoAppUITests" */ = {
			isa = XCConfigurationList;
			buildConfigurations = (
				04457EFE28A6033F00AF2EBB /* Debug */,
				04457EFF28A6033F00AF2EBB /* Release */,
			);
			defaultConfigurationIsVisible = 0;
			defaultConfigurationName = Release;
		};
/* End XCConfigurationList section */

/* Begin XCRemoteSwiftPackageReference section */
		04457F0028A6038C00AF2EBB /* XCRemoteSwiftPackageReference "SnapKit" */ = {
			isa = XCRemoteSwiftPackageReference;
			repositoryURL = "https://github.com/SnapKit/SnapKit";
			requirement = {
				kind = upToNextMajorVersion;
				minimumVersion = 5.0.0;
			};
		};
		04457F0328A6039C00AF2EBB /* XCRemoteSwiftPackageReference "Then" */ = {
			isa = XCRemoteSwiftPackageReference;
			repositoryURL = "https://github.com/devxoul/Then";
			requirement = {
				kind = upToNextMajorVersion;
				minimumVersion = 3.0.0;
			};
		};
		04457F0628A603D700AF2EBB /* XCRemoteSwiftPackageReference "RxSwift" */ = {
			isa = XCRemoteSwiftPackageReference;
			repositoryURL = "https://github.com/ReactiveX/RxSwift.git";
			requirement = {
				kind = upToNextMajorVersion;
				minimumVersion = 6.0.0;
			};
		};
/* End XCRemoteSwiftPackageReference section */

/* Begin XCSwiftPackageProductDependency section */
		04457F0128A6038D00AF2EBB /* SnapKit */ = {
			isa = XCSwiftPackageProductDependency;
			package = 04457F0028A6038C00AF2EBB /* XCRemoteSwiftPackageReference "SnapKit" */;
			productName = SnapKit;
		};
		04457F0428A6039C00AF2EBB /* Then */ = {
			isa = XCSwiftPackageProductDependency;
			package = 04457F0328A6039C00AF2EBB /* XCRemoteSwiftPackageReference "Then" */;
			productName = Then;
		};
		04457F0928A603D700AF2EBB /* RxCocoa */ = {
			isa = XCSwiftPackageProductDependency;
			package = 04457F0628A603D700AF2EBB /* XCRemoteSwiftPackageReference "RxSwift" */;
			productName = RxCocoa;
		};
		04457F0B28A603D700AF2EBB /* RxRelay */ = {
			isa = XCSwiftPackageProductDependency;
			package = 04457F0628A603D700AF2EBB /* XCRemoteSwiftPackageReference "RxSwift" */;
			productName = RxRelay;
		};
		04457F0D28A603D700AF2EBB /* RxSwift */ = {
			isa = XCSwiftPackageProductDependency;
			package = 04457F0628A603D700AF2EBB /* XCRemoteSwiftPackageReference "RxSwift" */;
			productName = RxSwift;
		};
		04457F1428A6050B00AF2EBB /* RxBlocking */ = {
			isa = XCSwiftPackageProductDependency;
			package = 04457F0628A603D700AF2EBB /* XCRemoteSwiftPackageReference "RxSwift" */;
			productName = RxBlocking;
		};
		04457F1628A6050F00AF2EBB /* RxTest */ = {
			isa = XCSwiftPackageProductDependency;
			package = 04457F0628A603D700AF2EBB /* XCRemoteSwiftPackageReference "RxSwift" */;
			productName = RxTest;
		};
/* End XCSwiftPackageProductDependency section */
	};
	rootObject = 04457EC528A6033B00AF2EBB /* Project object */;
}
